github.com/google/go-cmp v0.5.9 h1:O2Tfq5qg4qc4AmwVlvv0oLiVAGB7enBSJ2x2DqQFi38=
github.com/google/go-cmp v0.5.9/go.mod h1:17dUlkBOakJ0+DkrSSNjCkIjxS6bF9zb3elmeNGIjoY=
go.unistack.org/micro-proto/v4 v4.0.1 h1:2RKHgtCOOcAFgKsnngGK5bqM/6MWXOjVCdw03dbuoF8=
go.unistack.org/micro-proto/v4 v4.0.1/go.mod h1:ArmK7o+uFvxSY3dbJhKBBX4Pm1rhWdLEFf3LxBrMtec=
go.unistack.org/micro/v4 v4.0.14 h1:zN+aVfTceei3TPzuA7f2wAXLYHoSHWpx2XgW8yqaTIA=
go.unistack.org/micro/v4 v4.0.14/go.mod h1:ZDgU9931vm2l7X6RN/6UuwRIVp24GRdmQ7dKmegArk4=
golang.org/x/exp v0.0.0-20231219180239-dc181d75b848 h1:+iq7lrkxmFNBM7xx+Rae2W6uyPfhPeDWD+n+JgppptE=
golang.org/x/exp v0.0.0-20231219180239-dc181d75b848/go.mod h1:iRJReGqOEeBhDZGkGbynYwcHlctCvnjTYIamk7uXpHI=
google.golang.org/protobuf v1.32.0 h1:pPC6BG5ex8PDFnkbrGU3EixyhKcQ2aDuBS36lqK/C7I=
google.golang.org/protobuf v1.32.0/go.mod h1:c6P6GXX6sHbq/GpV6MGZEdwhWPcYBgnhAHhKbcUYpos=
